
Microsoft Visual Studio Solution File, Format Version 12.00
# Visual Studio Version 17
VisualStudioVersion = 17.9.34728.123
MinimumVisualStudioVersion = 10.0.40219.1
Project("{FAE04EC0-301F-11D3-BF4B-00C04F79EFBC}") = "WindowsFormsApp1", "WindowsFormsApp1\WindowsFormsApp1.csproj", "{6AD9E79A-C7D3-4B73-8CBB-8BF2D8684AAA}"
EndProject
Global
	GlobalSection(SolutionConfigurationPlatforms) = preSolution
		Debug|Any CPU = Debug|Any CPU
		Release|Any CPU = Release|Any CPU
	EndGlobalSection
	GlobalSection(ProjectConfigurationPlatforms) = postSolution
		{6AD9E79A-C7D3-4B73-8CBB-8BF2D8684AAA}.Debug|Any CPU.ActiveCfg = Debug|Any CPU
		{6AD9E79A-C7D3-4B73-8CBB-8BF2D8684AAA}.Debug|Any CPU.Build.0 = Debug|Any CPU
		{6AD9E79A-C7D3-4B73-8CBB-8BF2D8684AAA}.Release|Any CPU.ActiveCfg = Release|Any CPU
		{6AD9E79A-C7D3-4B73-8CBB-8BF2D8684AAA}.Release|Any CPU.Build.0 = Release|Any CPU
	EndGlobalSection
	GlobalSection(SolutionProperties) = preSolution
		HideSolutionNode = FALSE
	EndGlobalSection
	GlobalSection(ExtensibilityGlobals) = postSolution
		SolutionGuid = {21A960B8-4DD3-45D3-99A4-1B20A2AD9777}
	EndGlobalSection
EndGlobal
